// !$*UTF8*$!
{
	archiveVersion = 1;
	classes = {
	};
	objectVersion = 46;
	objects = {

/* Begin PBXBuildFile section */
		AC2BCB481CF119D300BB27E3 /* RPNGenerator.swift in Sources */ = {isa = PBXBuildFile; fileRef = AC2BCB471CF119D300BB27E3 /* RPNGenerator.swift */; };
		AC4741681CD62EFC005A58B8 /* code.txt in Resources */ = {isa = PBXBuildFile; fileRef = AC4741671CD62EFC005A58B8 /* code.txt */; };
		AC63BBED1CD0259F00631CD0 /* AppDelegate.swift in Sources */ = {isa = PBXBuildFile; fileRef = AC63BBEC1CD0259F00631CD0 /* AppDelegate.swift */; };
		AC63BBEF1CD0259F00631CD0 /* ViewController.swift in Sources */ = {isa = PBXBuildFile; fileRef = AC63BBEE1CD0259F00631CD0 /* ViewController.swift */; };
		AC63BBF11CD0259F00631CD0 /* Assets.xcassets in Resources */ = {isa = PBXBuildFile; fileRef = AC63BBF01CD0259F00631CD0 /* Assets.xcassets */; };
		AC63BBF41CD0259F00631CD0 /* Main.storyboard in Resources */ = {isa = PBXBuildFile; fileRef = AC63BBF21CD0259F00631CD0 /* Main.storyboard */; };
		AC63BBFC1CD02AFA00631CD0 /* LexAnalyser.swift in Sources */ = {isa = PBXBuildFile; fileRef = AC63BBFB1CD02AFA00631CD0 /* LexAnalyser.swift */; };
		AC63BBFE1CD02FA600631CD0 /* LexTable.swift in Sources */ = {isa = PBXBuildFile; fileRef = AC63BBFD1CD02FA600631CD0 /* LexTable.swift */; };
		AC63DBC81CF5E59400C9B067 /* CodeTextView.swift in Sources */ = {isa = PBXBuildFile; fileRef = AC63DBC61CF5E59400C9B067 /* CodeTextView.swift */; };
		AC63DBC91CF5E59400C9B067 /* LineNumberRulerView.swift in Sources */ = {isa = PBXBuildFile; fileRef = AC63DBC71CF5E59400C9B067 /* LineNumberRulerView.swift */; };
		AC91B56F1CF3BDAC006D26F9 /* Window.swift in Sources */ = {isa = PBXBuildFile; fileRef = AC91B56E1CF3BDAC006D26F9 /* Window.swift */; };
		ACF5A3721CDAA7EA0013395C /* SyntaxAnalyser.swift in Sources */ = {isa = PBXBuildFile; fileRef = ACBE33151CDA455900FF1B34 /* SyntaxAnalyser.swift */; };
		ACFCF7061CECB77900D6D4A3 /* RPNInterpreter.swift in Sources */ = {isa = PBXBuildFile; fileRef = ACFCF7051CECB77900D6D4A3 /* RPNInterpreter.swift */; };
/* End PBXBuildFile section */

/* Begin PBXFileReference section */
		AC2BCB471CF119D300BB27E3 /* RPNGenerator.swift */ = {isa = PBXFileReference; fileEncoding = 4; lastKnownFileType = sourcecode.swift; path = RPNGenerator.swift; sourceTree = "<group>"; };
		AC4741671CD62EFC005A58B8 /* code.txt */ = {isa = PBXFileReference; fileEncoding = 4; lastKnownFileType = text; path = code.txt; sourceTree = "<group>"; };
		AC63BBE91CD0259F00631CD0 /* Translator.app */ = {isa = PBXFileReference; explicitFileType = wrapper.application; includeInIndex = 0; path = Translator.app; sourceTree = BUILT_PRODUCTS_DIR; };
		AC63BBEC1CD0259F00631CD0 /* AppDelegate.swift */ = {isa = PBXFileReference; lastKnownFileType = sourcecode.swift; path = AppDelegate.swift; sourceTree = "<group>"; };
		AC63BBEE1CD0259F00631CD0 /* ViewController.swift */ = {isa = PBXFileReference; lastKnownFileType = sourcecode.swift; path = ViewController.swift; sourceTree = "<group>"; };
		AC63BBF01CD0259F00631CD0 /* Assets.xcassets */ = {isa = PBXFileReference; lastKnownFileType = folder.assetcatalog; path = Assets.xcassets; sourceTree = "<group>"; };
		AC63BBF31CD0259F00631CD0 /* Base */ = {isa = PBXFileReference; lastKnownFileType = file.storyboard; name = Base; path = Base.lproj/Main.storyboard; sourceTree = "<group>"; };
		AC63BBF51CD0259F00631CD0 /* Info.plist */ = {isa = PBXFileReference; lastKnownFileType = text.plist.xml; path = Info.plist; sourceTree = "<group>"; };
		AC63BBFB1CD02AFA00631CD0 /* LexAnalyser.swift */ = {isa = PBXFileReference; fileEncoding = 4; lastKnownFileType = sourcecode.swift; path = LexAnalyser.swift; sourceTree = "<group>"; };
		AC63BBFD1CD02FA600631CD0 /* LexTable.swift */ = {isa = PBXFileReference; fileEncoding = 4; lastKnownFileType = sourcecode.swift; path = LexTable.swift; sourceTree = "<group>"; };
		AC63DBC61CF5E59400C9B067 /* CodeTextView.swift */ = {isa = PBXFileReference; fileEncoding = 4; lastKnownFileType = sourcecode.swift; path = CodeTextView.swift; sourceTree = "<group>"; };
		AC63DBC71CF5E59400C9B067 /* LineNumberRulerView.swift */ = {isa = PBXFileReference; fileEncoding = 4; lastKnownFileType = sourcecode.swift; path = LineNumberRulerView.swift; sourceTree = "<group>"; };
		AC63DBE61CF6258300C9B067 /* Lab2.xcodeproj */ = {isa = PBXFileReference; lastKnownFileType = "wrapper.pb-project"; name = Lab2.xcodeproj; path = Lab2/Lab2.xcodeproj; sourceTree = "<group>"; };
		AC91B56E1CF3BDAC006D26F9 /* Window.swift */ = {isa = PBXFileReference; fileEncoding = 4; lastKnownFileType = sourcecode.swift; path = Window.swift; sourceTree = "<group>"; };
		ACBE33151CDA455900FF1B34 /* SyntaxAnalyser.swift */ = {isa = PBXFileReference; fileEncoding = 4; lastKnownFileType = sourcecode.swift; path = SyntaxAnalyser.swift; sourceTree = "<group>"; };
		ACFCF7051CECB77900D6D4A3 /* RPNInterpreter.swift */ = {isa = PBXFileReference; fileEncoding = 4; lastKnownFileType = sourcecode.swift; path = RPNInterpreter.swift; sourceTree = "<group>"; };
/* End PBXFileReference section */

/* Begin PBXFrameworksBuildPhase section */
		AC63BBE61CD0259F00631CD0 /* Frameworks */ = {
			isa = PBXFrameworksBuildPhase;
			buildActionMask = 2147483647;
			files = (
			);
			runOnlyForDeploymentPostprocessing = 0;
		};
/* End PBXFrameworksBuildPhase section */

/* Begin PBXGroup section */
		AC63BBE01CD0259F00631CD0 = {
			isa = PBXGroup;
			children = (
				AC63BBEB1CD0259F00631CD0 /* Translator */,
				AC63DBE61CF6258300C9B067 /* Lab2.xcodeproj */,
			);
			sourceTree = "<group>";
		};
		AC63BBEA1CD0259F00631CD0 /* Products */ = {
			isa = PBXGroup;
			children = (
				AC63BBE91CD0259F00631CD0 /* Translator.app */,
			);
			name = Products;
			path = ..;
			sourceTree = "<group>";
		};
		AC63BBEB1CD0259F00631CD0 /* Translator */ = {
			isa = PBXGroup;
			children = (
				AC63BBEC1CD0259F00631CD0 /* AppDelegate.swift */,
				AC63BBEE1CD0259F00631CD0 /* ViewController.swift */,
				AC63BBF01CD0259F00631CD0 /* Assets.xcassets */,
				AC63BBF21CD0259F00631CD0 /* Main.storyboard */,
				AC63BBF51CD0259F00631CD0 /* Info.plist */,
				AC63BBFD1CD02FA600631CD0 /* LexTable.swift */,
				AC63BBFB1CD02AFA00631CD0 /* LexAnalyser.swift */,
				ACBE33151CDA455900FF1B34 /* SyntaxAnalyser.swift */,
				AC4741671CD62EFC005A58B8 /* code.txt */,
				AC2BCB471CF119D300BB27E3 /* RPNGenerator.swift */,
				ACFCF7051CECB77900D6D4A3 /* RPNInterpreter.swift */,
				AC63BBEA1CD0259F00631CD0 /* Products */,
				AC63DBCA1CF5F3D300C9B067 /* Additional */,
			);
			path = Translator;
			sourceTree = "<group>";
		};
		AC63DBCA1CF5F3D300C9B067 /* Additional */ = {
			isa = PBXGroup;
			children = (
				AC91B56E1CF3BDAC006D26F9 /* Window.swift */,
				AC63DBC61CF5E59400C9B067 /* CodeTextView.swift */,
				AC63DBC71CF5E59400C9B067 /* LineNumberRulerView.swift */,
			);
			name = Additional;
			sourceTree = "<group>";
		};
/* End PBXGroup section */

/* Begin PBXNativeTarget section */
		AC63BBE81CD0259F00631CD0 /* Translator */ = {
			isa = PBXNativeTarget;
			buildConfigurationList = AC63BBF81CD0259F00631CD0 /* Build configuration list for PBXNativeTarget "Translator" */;
			buildPhases = (
				AC63BBE51CD0259F00631CD0 /* Sources */,
				AC63BBE61CD0259F00631CD0 /* Frameworks */,
				AC63BBE71CD0259F00631CD0 /* Resources */,
			);
			buildRules = (
			);
			dependencies = (
			);
			name = Translator;
			productName = Translator;
			productReference = AC63BBE91CD0259F00631CD0 /* Translator.app */;
			productType = "com.apple.product-type.application";
		};
/* End PBXNativeTarget section */

/* Begin PBXProject section */
		AC63BBE11CD0259F00631CD0 /* Project object */ = {
			isa = PBXProject;
			attributes = {
				LastSwiftUpdateCheck = 0730;
				LastUpgradeCheck = 0730;
				ORGANIZATIONNAME = "Artem Tverdokhlebov";
				TargetAttributes = {
					AC63BBE81CD0259F00631CD0 = {
						CreatedOnToolsVersion = 7.3;
					};
				};
			};
			buildConfigurationList = AC63BBE41CD0259F00631CD0 /* Build configuration list for PBXProject "Translator" */;
			compatibilityVersion = "Xcode 3.2";
			developmentRegion = English;
			hasScannedForEncodings = 0;
			knownRegions = (
				en,
				Base,
			);
			mainGroup = AC63BBE01CD0259F00631CD0;
			productRefGroup = AC63BBEA1CD0259F00631CD0 /* Products */;
			projectDirPath = "";
			projectRoot = "";
			targets = (
				AC63BBE81CD0259F00631CD0 /* Translator */,
			);
		};
/* End PBXProject section */

/* Begin PBXResourcesBuildPhase section */
		AC63BBE71CD0259F00631CD0 /* Resources */ = {
			isa = PBXResourcesBuildPhase;
			buildActionMask = 2147483647;
			files = (
				AC63BBF11CD0259F00631CD0 /* Assets.xcassets in Resources */,
				AC4741681CD62EFC005A58B8 /* code.txt in Resources */,
				AC63BBF41CD0259F00631CD0 /* Main.storyboard in Resources */,
			);
			runOnlyForDeploymentPostprocessing = 0;
		};
/* End PBXResourcesBuildPhase section */

/* Begin PBXSourcesBuildPhase section */
		AC63BBE51CD0259F00631CD0 /* Sources */ = {
			isa = PBXSourcesBuildPhase;
			buildActionMask = 2147483647;
			files = (
				ACF5A3721CDAA7EA0013395C /* SyntaxAnalyser.swift in Sources */,
				AC2BCB481CF119D300BB27E3 /* RPNGenerator.swift in Sources */,
				AC63DBC91CF5E59400C9B067 /* LineNumberRulerView.swift in Sources */,
				AC63BBFC1CD02AFA00631CD0 /* LexAnalyser.swift in Sources */,
				AC63BBEF1CD0259F00631CD0 /* ViewController.swift in Sources */,
				AC63BBFE1CD02FA600631CD0 /* LexTable.swift in Sources */,
				AC63BBED1CD0259F00631CD0 /* AppDelegate.swift in Sources */,
				AC63DBC81CF5E59400C9B067 /* CodeTextView.swift in Sources */,
				ACFCF7061CECB77900D6D4A3 /* RPNInterpreter.swift in Sources */,
				AC91B56F1CF3BDAC006D26F9 /* Window.swift in Sources */,
			);
			runOnlyForDeploymentPostprocessing = 0;
		};
/* End PBXSourcesBuildPhase section */

/* Begin PBXVariantGroup section */
		AC63BBF21CD0259F00631CD0 /* Main.storyboard */ = {
			isa = PBXVariantGroup;
			children = (
				AC63BBF31CD0259F00631CD0 /* Base */,
			);
			name = Main.storyboard;
			sourceTree = "<group>";
		};
/* End PBXVariantGroup section */

/* Begin XCBuildConfiguration section */
		AC63BBF61CD0259F00631CD0 /* Debug */ = {
			isa = XCBuildConfiguration;
			buildSettings = {
				ALWAYS_SEARCH_USER_PATHS = NO;
				CLANG_ANALYZER_NONNULL = YES;
				CLANG_CXX_LANGUAGE_STANDARD = "gnu++0x";
				CLANG_CXX_LIBRARY = "libc++";
				CLANG_ENABLE_MODULES = YES;
				CLANG_ENABLE_OBJC_ARC = YES;
				CLANG_WARN_BOOL_CONVERSION = YES;
				CLANG_WARN_CONSTANT_CONVERSION = YES;
				CLANG_WARN_DIRECT_OBJC_ISA_USAGE = YES_ERROR;
				CLANG_WARN_EMPTY_BODY = YES;
				CLANG_WARN_ENUM_CONVERSION = YES;
				CLANG_WARN_INT_CONVERSION = YES;
				CLANG_WARN_OBJC_ROOT_CLASS = YES_ERROR;
				CLANG_WARN_UNREACHABLE_CODE = YES;
				CLANG_WARN__DUPLICATE_METHOD_MATCH = YES;
				CODE_SIGN_IDENTITY = "-";
				COPY_PHASE_STRIP = NO;
				DEBUG_INFORMATION_FORMAT = dwarf;
				ENABLE_STRICT_OBJC_MSGSEND = YES;
				ENABLE_TESTABILITY = YES;
				GCC_C_LANGUAGE_STANDARD = gnu99;
				GCC_DYNAMIC_NO_PIC = NO;
				GCC_NO_COMMON_BLOCKS = YES;
				GCC_OPTIMIZATION_LEVEL = 0;
				GCC_PREPROCESSOR_DEFINITIONS = (
					"DEBUG=1",
					"$(inherited)",
				);
				GCC_WARN_64_TO_32_BIT_CONVERSION = YES;
				GCC_WARN_ABOUT_RETURN_TYPE = YES_ERROR;
				GCC_WARN_UNDECLARED_SELECTOR = YES;
				GCC_WARN_UNINITIALIZED_AUTOS = YES_AGGRESSIVE;
				GCC_WARN_UNUSED_FUNCTION = YES;
				GCC_WARN_UNUSED_VARIABLE = YES;
				MACOSX_DEPLOYMENT_TARGET = 10.11;
				MTL_ENABLE_DEBUG_INFO = YES;
				ONLY_ACTIVE_ARCH = YES;
				SDKROOT = macosx;
				SWIFT_OPTIMIZATION_LEVEL = "-Onone";
			};
			name = Debug;
		};
		AC63BBF71CD0259F00631CD0 /* Release */ = {
			isa = XCBuildConfiguration;
			buildSettings = {
				ALWAYS_SEARCH_USER_PATHS = NO;
				CLANG_ANALYZER_NONNULL = YES;
				CLANG_CXX_LANGUAGE_STANDARD = "gnu++0x";
				CLANG_CXX_LIBRARY = "libc++";
				CLANG_ENABLE_MODULES = YES;
				CLANG_ENABLE_OBJC_ARC = YES;
				CLANG_WARN_BOOL_CONVERSION = YES;
				CLANG_WARN_CONSTANT_CONVERSION = YES;
				CLANG_WARN_DIRECT_OBJC_ISA_USAGE = YES_ERROR;
				CLANG_WARN_EMPTY_BODY = YES;
				CLANG_WARN_ENUM_CONVERSION = YES;
				CLANG_WARN_INT_CONVERSION = YES;
				CLANG_WARN_OBJC_ROOT_CLASS = YES_ERROR;
				CLANG_WARN_UNREACHABLE_CODE = YES;
				CLANG_WARN__DUPLICATE_METHOD_MATCH = YES;
				CODE_SIGN_IDENTITY = "-";
				COPY_PHASE_STRIP = NO;
				DEBUG_INFORMATION_FORMAT = "dwarf-with-dsym";
				ENABLE_NS_ASSERTIONS = NO;
				ENABLE_STRICT_OBJC_MSGSEND = YES;
				GCC_C_LANGUAGE_STANDARD = gnu99;
				GCC_NO_COMMON_BLOCKS = YES;
				GCC_WARN_64_TO_32_BIT_CONVERSION = YES;
				GCC_WARN_ABOUT_RETURN_TYPE = YES_ERROR;
				GCC_WARN_UNDECLARED_SELECTOR = YES;
				GCC_WARN_UNINITIALIZED_AUTOS = YES_AGGRESSIVE;
				GCC_WARN_UNUSED_FUNCTION = YES;
				GCC_WARN_UNUSED_VARIABLE = YES;
				MACOSX_DEPLOYMENT_TARGET = 10.11;
				MTL_ENABLE_DEBUG_INFO = NO;
				SDKROOT = macosx;
			};
			name = Release;
		};
		AC63BBF91CD0259F00631CD0 /* Debug */ = {
			isa = XCBuildConfiguration;
			buildSettings = {
				ASSETCATALOG_COMPILER_APPICON_NAME = AppIcon;
				COMBINE_HIDPI_IMAGES = YES;
				INFOPLIST_FILE = Translator/Info.plist;
				LD_RUNPATH_SEARCH_PATHS = "$(inherited) @executable_path/../Frameworks";
				OTHER_SWIFT_FLAGS = "-Xfrontend -debug-time-function-bodies";
				PRODUCT_BUNDLE_IDENTIFIER = com.artem.Translator;
				PRODUCT_NAME = "$(TARGET_NAME)";
			};
			name = Debug;
		};
		AC63BBFA1CD0259F00631CD0 /* Release */ = {
			isa = XCBuildConfiguration;
			buildSettings = {
				ASSETCATALOG_COMPILER_APPICON_NAME = AppIcon;
				COMBINE_HIDPI_IMAGES = YES;
				INFOPLIST_FILE = Translator/Info.plist;
				LD_RUNPATH_SEARCH_PATHS = "$(inherited) @executable_path/../Frameworks";
				OTHER_SWIFT_FLAGS = "-Xfrontend -debug-time-function-bodies";
				PRODUCT_BUNDLE_IDENTIFIER = com.artem.Translator;
				PRODUCT_NAME = "$(TARGET_NAME)";
			};
			name = Release;
		};
/* End XCBuildConfiguration section */

/* Begin XCConfigurationList section */
		AC63BBE41CD0259F00631CD0 /* Build configuration list for PBXProject "Translator" */ = {
			isa = XCConfigurationList;
			buildConfigurations = (
				AC63BBF61CD0259F00631CD0 /* Debug */,
				AC63BBF71CD0259F00631CD0 /* Release */,
			);
			defaultConfigurationIsVisible = 0;
			defaultConfigurationName = Release;
		};
		AC63BBF81CD0259F00631CD0 /* Build configuration list for PBXNativeTarget "Translator" */ = {
			isa = XCConfigurationList;
			buildConfigurations = (
				AC63BBF91CD0259F00631CD0 /* Debug */,
				AC63BBFA1CD0259F00631CD0 /* Release */,
			);
			defaultConfigurationIsVisible = 0;
			defaultConfigurationName = Release;
		};
/* End XCConfigurationList section */
	};
	rootObject = AC63BBE11CD0259F00631CD0 /* Project object */;
}
