// !$*UTF8*$!
{
	archiveVersion = 1;
	classes = {
	};
	objectVersion = 46;
	objects = {

/* Begin PBXBuildFile section */
		AC63DBD81CF6258300C9B067 /* AppDelegate.swift in Sources */ = {isa = PBXBuildFile; fileRef = AC63DBD71CF6258300C9B067 /* AppDelegate.swift */; };
		AC63DBDA1CF6258300C9B067 /* ViewController.swift in Sources */ = {isa = PBXBuildFile; fileRef = AC63DBD91CF6258300C9B067 /* ViewController.swift */; };
		AC63DBDC1CF6258300C9B067 /* Assets.xcassets in Resources */ = {isa = PBXBuildFile; fileRef = AC63DBDB1CF6258300C9B067 /* Assets.xcassets */; };
		AC63DBDF1CF6258300C9B067 /* Main.storyboard in Resources */ = {isa = PBXBuildFile; fileRef = AC63DBDD1CF6258300C9B067 /* Main.storyboard */; };
		AC63DBF21CF625F500C9B067 /* LexTable.swift in Sources */ = {isa = PBXBuildFile; fileRef = AC63DBF01CF625F500C9B067 /* LexTable.swift */; };
		AC63DBF31CF625F500C9B067 /* LexAnalyser.swift in Sources */ = {isa = PBXBuildFile; fileRef = AC63DBF11CF625F500C9B067 /* LexAnalyser.swift */; };
		AC63DBF51CF6271900C9B067 /* RelationTable.swift in Sources */ = {isa = PBXBuildFile; fileRef = AC63DBF41CF6271900C9B067 /* RelationTable.swift */; };
		AC63DBF71CF7569F00C9B067 /* RPN.swift in Sources */ = {isa = PBXBuildFile; fileRef = AC63DBF61CF7569F00C9B067 /* RPN.swift */; };
/* End PBXBuildFile section */

/* Begin PBXFileReference section */
		AC63DBD41CF6258300C9B067 /* Lab2.app */ = {isa = PBXFileReference; explicitFileType = wrapper.application; includeInIndex = 0; path = Lab2.app; sourceTree = BUILT_PRODUCTS_DIR; };
		AC63DBD71CF6258300C9B067 /* AppDelegate.swift */ = {isa = PBXFileReference; lastKnownFileType = sourcecode.swift; path = AppDelegate.swift; sourceTree = "<group>"; };
		AC63DBD91CF6258300C9B067 /* ViewController.swift */ = {isa = PBXFileReference; lastKnownFileType = sourcecode.swift; path = ViewController.swift; sourceTree = "<group>"; };
		AC63DBDB1CF6258300C9B067 /* Assets.xcassets */ = {isa = PBXFileReference; lastKnownFileType = folder.assetcatalog; path = Assets.xcassets; sourceTree = "<group>"; };
		AC63DBDE1CF6258300C9B067 /* Base */ = {isa = PBXFileReference; lastKnownFileType = file.storyboard; name = Base; path = Base.lproj/Main.storyboard; sourceTree = "<group>"; };
		AC63DBE01CF6258300C9B067 /* Info.plist */ = {isa = PBXFileReference; lastKnownFileType = text.plist.xml; path = Info.plist; sourceTree = "<group>"; };
		AC63DBF01CF625F500C9B067 /* LexTable.swift */ = {isa = PBXFileReference; fileEncoding = 4; lastKnownFileType = sourcecode.swift; name = LexTable.swift; path = ../../Translator/LexTable.swift; sourceTree = "<group>"; };
		AC63DBF11CF625F500C9B067 /* LexAnalyser.swift */ = {isa = PBXFileReference; fileEncoding = 4; lastKnownFileType = sourcecode.swift; name = LexAnalyser.swift; path = ../../Translator/LexAnalyser.swift; sourceTree = "<group>"; };
		AC63DBF41CF6271900C9B067 /* RelationTable.swift */ = {isa = PBXFileReference; fileEncoding = 4; lastKnownFileType = sourcecode.swift; path = RelationTable.swift; sourceTree = "<group>"; };
		AC63DBF61CF7569F00C9B067 /* RPN.swift */ = {isa = PBXFileReference; fileEncoding = 4; lastKnownFileType = sourcecode.swift; path = RPN.swift; sourceTree = "<group>"; };
/* End PBXFileReference section */

/* Begin PBXFrameworksBuildPhase section */
		AC63DBD11CF6258300C9B067 /* Frameworks */ = {
			isa = PBXFrameworksBuildPhase;
			buildActionMask = 2147483647;
			files = (
			);
			runOnlyForDeploymentPostprocessing = 0;
		};
/* End PBXFrameworksBuildPhase section */

/* Begin PBXGroup section */
		AC63DBCB1CF6258300C9B067 = {
			isa = PBXGroup;
			children = (
				AC63DBD61CF6258300C9B067 /* Lab2 */,
				AC63DBD51CF6258300C9B067 /* Products */,
			);
			sourceTree = "<group>";
		};
		AC63DBD51CF6258300C9B067 /* Products */ = {
			isa = PBXGroup;
			children = (
				AC63DBD41CF6258300C9B067 /* Lab2.app */,
			);
			name = Products;
			sourceTree = "<group>";
		};
		AC63DBD61CF6258300C9B067 /* Lab2 */ = {
			isa = PBXGroup;
			children = (
				AC63DBD71CF6258300C9B067 /* AppDelegate.swift */,
				AC63DBF01CF625F500C9B067 /* LexTable.swift */,
				AC63DBF11CF625F500C9B067 /* LexAnalyser.swift */,
				AC63DBD91CF6258300C9B067 /* ViewController.swift */,
				AC63DBDB1CF6258300C9B067 /* Assets.xcassets */,
				AC63DBDD1CF6258300C9B067 /* Main.storyboard */,
				AC63DBE01CF6258300C9B067 /* Info.plist */,
				AC63DBF41CF6271900C9B067 /* RelationTable.swift */,
				AC63DBF61CF7569F00C9B067 /* RPN.swift */,
			);
			path = Lab2;
			sourceTree = "<group>";
		};
/* End PBXGroup section */

/* Begin PBXNativeTarget section */
		AC63DBD31CF6258300C9B067 /* Lab2 */ = {
			isa = PBXNativeTarget;
			buildConfigurationList = AC63DBE31CF6258300C9B067 /* Build configuration list for PBXNativeTarget "Lab2" */;
			buildPhases = (
				AC63DBD01CF6258300C9B067 /* Sources */,
				AC63DBD11CF6258300C9B067 /* Frameworks */,
				AC63DBD21CF6258300C9B067 /* Resources */,
			);
			buildRules = (
			);
			dependencies = (
			);
			name = Lab2;
			productName = Lab2;
			productReference = AC63DBD41CF6258300C9B067 /* Lab2.app */;
			productType = "com.apple.product-type.application";
		};
/* End PBXNativeTarget section */

/* Begin PBXProject section */
		AC63DBCC1CF6258300C9B067 /* Project object */ = {
			isa = PBXProject;
			attributes = {
				LastSwiftUpdateCheck = 0730;
				LastUpgradeCheck = 0730;
				ORGANIZATIONNAME = "Artem Tverdokhlebov";
				TargetAttributes = {
					AC63DBD31CF6258300C9B067 = {
						CreatedOnToolsVersion = 7.3.1;
					};
				};
			};
			buildConfigurationList = AC63DBCF1CF6258300C9B067 /* Build configuration list for PBXProject "Lab2" */;
			compatibilityVersion = "Xcode 3.2";
			developmentRegion = English;
			hasScannedForEncodings = 0;
			knownRegions = (
				en,
				Base,
			);
			mainGroup = AC63DBCB1CF6258300C9B067;
			productRefGroup = AC63DBD51CF6258300C9B067 /* Products */;
			projectDirPath = "";
			projectRoot = "";
			targets = (
				AC63DBD31CF6258300C9B067 /* Lab2 */,
			);
		};
/* End PBXProject section */

/* Begin PBXResourcesBuildPhase section */
		AC63DBD21CF6258300C9B067 /* Resources */ = {
			isa = PBXResourcesBuildPhase;
			buildActionMask = 2147483647;
			files = (
				AC63DBDC1CF6258300C9B067 /* Assets.xcassets in Resources */,
				AC63DBDF1CF6258300C9B067 /* Main.storyboard in Resources */,
			);
			runOnlyForDeploymentPostprocessing = 0;
		};
/* End PBXResourcesBuildPhase section */

/* Begin PBXSourcesBuildPhase section */
		AC63DBD01CF6258300C9B067 /* Sources */ = {
			isa = PBXSourcesBuildPhase;
			buildActionMask = 2147483647;
			files = (
				AC63DBF31CF625F500C9B067 /* LexAnalyser.swift in Sources */,
				AC63DBF21CF625F500C9B067 /* LexTable.swift in Sources */,
				AC63DBF71CF7569F00C9B067 /* RPN.swift in Sources */,
				AC63DBF51CF6271900C9B067 /* RelationTable.swift in Sources */,
				AC63DBDA1CF6258300C9B067 /* ViewController.swift in Sources */,
				AC63DBD81CF6258300C9B067 /* AppDelegate.swift in Sources */,
			);
			runOnlyForDeploymentPostprocessing = 0;
		};
/* End PBXSourcesBuildPhase section */

/* Begin PBXVariantGroup section */
		AC63DBDD1CF6258300C9B067 /* Main.storyboard */ = {
			isa = PBXVariantGroup;
			children = (
				AC63DBDE1CF6258300C9B067 /* Base */,
			);
			name = Main.storyboard;
			sourceTree = "<group>";
		};
/* End PBXVariantGroup section */

/* Begin XCBuildConfiguration section */
		AC63DBE11CF6258300C9B067 /* Debug */ = {
			isa = XCBuildConfiguration;
			buildSettings = {
				ALWAYS_SEARCH_USER_PATHS = NO;
				CLANG_ANALYZER_NONNULL = YES;
				CLANG_CXX_LANGUAGE_STANDARD = "gnu++0x";
				CLANG_CXX_LIBRARY = "libc++";
				CLANG_ENABLE_MODULES = YES;
				CLANG_ENABLE_OBJC_ARC = YES;
				CLANG_WARN_BOOL_CONVERSION = YES;
				CLANG_WARN_CONSTANT_CONVERSION = YES;
				CLANG_WARN_DIRECT_OBJC_ISA_USAGE = YES_ERROR;
				CLANG_WARN_EMPTY_BODY = YES;
				CLANG_WARN_ENUM_CONVERSION = YES;
				CLANG_WARN_INT_CONVERSION = YES;
				CLANG_WARN_OBJC_ROOT_CLASS = YES_ERROR;
				CLANG_WARN_UNREACHABLE_CODE = YES;
				CLANG_WARN__DUPLICATE_METHOD_MATCH = YES;
				CODE_SIGN_IDENTITY = "-";
				COPY_PHASE_STRIP = NO;
				DEBUG_INFORMATION_FORMAT = dwarf;
				ENABLE_STRICT_OBJC_MSGSEND = YES;
				ENABLE_TESTABILITY = YES;
				GCC_C_LANGUAGE_STANDARD = gnu99;
				GCC_DYNAMIC_NO_PIC = NO;
				GCC_NO_COMMON_BLOCKS = YES;
				GCC_OPTIMIZATION_LEVEL = 0;
				GCC_PREPROCESSOR_DEFINITIONS = (
					"DEBUG=1",
					"$(inherited)",
				);
				GCC_WARN_64_TO_32_BIT_CONVERSION = YES;
				GCC_WARN_ABOUT_RETURN_TYPE = YES_ERROR;
				GCC_WARN_UNDECLARED_SELECTOR = YES;
				GCC_WARN_UNINITIALIZED_AUTOS = YES_AGGRESSIVE;
				GCC_WARN_UNUSED_FUNCTION = YES;
				GCC_WARN_UNUSED_VARIABLE = YES;
				MACOSX_DEPLOYMENT_TARGET = 10.11;
				MTL_ENABLE_DEBUG_INFO = YES;
				ONLY_ACTIVE_ARCH = YES;
				SDKROOT = macosx;
				SWIFT_OPTIMIZATION_LEVEL = "-Onone";
			};
			name = Debug;
		};
		AC63DBE21CF6258300C9B067 /* Release */ = {
			isa = XCBuildConfiguration;
			buildSettings = {
				ALWAYS_SEARCH_USER_PATHS = NO;
				CLANG_ANALYZER_NONNULL = YES;
				CLANG_CXX_LANGUAGE_STANDARD = "gnu++0x";
				CLANG_CXX_LIBRARY = "libc++";
				CLANG_ENABLE_MODULES = YES;
				CLANG_ENABLE_OBJC_ARC = YES;
				CLANG_WARN_BOOL_CONVERSION = YES;
				CLANG_WARN_CONSTANT_CONVERSION = YES;
				CLANG_WARN_DIRECT_OBJC_ISA_USAGE = YES_ERROR;
				CLANG_WARN_EMPTY_BODY = YES;
				CLANG_WARN_ENUM_CONVERSION = YES;
				CLANG_WARN_INT_CONVERSION = YES;
				CLANG_WARN_OBJC_ROOT_CLASS = YES_ERROR;
				CLANG_WARN_UNREACHABLE_CODE = YES;
				CLANG_WARN__DUPLICATE_METHOD_MATCH = YES;
				CODE_SIGN_IDENTITY = "-";
				COPY_PHASE_STRIP = NO;
				DEBUG_INFORMATION_FORMAT = "dwarf-with-dsym";
				ENABLE_NS_ASSERTIONS = NO;
				ENABLE_STRICT_OBJC_MSGSEND = YES;
				GCC_C_LANGUAGE_STANDARD = gnu99;
				GCC_NO_COMMON_BLOCKS = YES;
				GCC_WARN_64_TO_32_BIT_CONVERSION = YES;
				GCC_WARN_ABOUT_RETURN_TYPE = YES_ERROR;
				GCC_WARN_UNDECLARED_SELECTOR = YES;
				GCC_WARN_UNINITIALIZED_AUTOS = YES_AGGRESSIVE;
				GCC_WARN_UNUSED_FUNCTION = YES;
				GCC_WARN_UNUSED_VARIABLE = YES;
				MACOSX_DEPLOYMENT_TARGET = 10.11;
				MTL_ENABLE_DEBUG_INFO = NO;
				SDKROOT = macosx;
			};
			name = Release;
		};
		AC63DBE41CF6258300C9B067 /* Debug */ = {
			isa = XCBuildConfiguration;
			buildSettings = {
				ASSETCATALOG_COMPILER_APPICON_NAME = AppIcon;
				COMBINE_HIDPI_IMAGES = YES;
				INFOPLIST_FILE = Lab2/Info.plist;
				LD_RUNPATH_SEARCH_PATHS = "$(inherited) @executable_path/../Frameworks";
				PRODUCT_BUNDLE_IDENTIFIER = artem.Lab2;
				PRODUCT_NAME = "$(TARGET_NAME)";
			};
			name = Debug;
		};
		AC63DBE51CF6258300C9B067 /* Release */ = {
			isa = XCBuildConfiguration;
			buildSettings = {
				ASSETCATALOG_COMPILER_APPICON_NAME = AppIcon;
				COMBINE_HIDPI_IMAGES = YES;
				INFOPLIST_FILE = Lab2/Info.plist;
				LD_RUNPATH_SEARCH_PATHS = "$(inherited) @executable_path/../Frameworks";
				PRODUCT_BUNDLE_IDENTIFIER = artem.Lab2;
				PRODUCT_NAME = "$(TARGET_NAME)";
			};
			name = Release;
		};
/* End XCBuildConfiguration section */

/* Begin XCConfigurationList section */
		AC63DBCF1CF6258300C9B067 /* Build configuration list for PBXProject "Lab2" */ = {
			isa = XCConfigurationList;
			buildConfigurations = (
				AC63DBE11CF6258300C9B067 /* Debug */,
				AC63DBE21CF6258300C9B067 /* Release */,
			);
			defaultConfigurationIsVisible = 0;
			defaultConfigurationName = Release;
		};
		AC63DBE31CF6258300C9B067 /* Build configuration list for PBXNativeTarget "Lab2" */ = {
			isa = XCConfigurationList;
			buildConfigurations = (
				AC63DBE41CF6258300C9B067 /* Debug */,
				AC63DBE51CF6258300C9B067 /* Release */,
			);
			defaultConfigurationIsVisible = 0;
		};
/* End XCConfigurationList section */
	};
	rootObject = AC63DBCC1CF6258300C9B067 /* Project object */;
}
